{
  "name": "lip",
  "version": "0.1.0",
  "lockfileVersion": 1,
  "requires": true,
  "dependencies": {
    "espree": {
      "version": "2.2.5",
      "resolved": "https://registry.npmjs.org/espree/-/espree-2.2.5.tgz",
      "integrity": "sha1-32kbkxCIlAKuspzAZnCMVmkLhUs=",
      "dev": true
    },
    "js2php": {
      "version": "0.1.7",
      "resolved": "https://registry.npmjs.org/js2php/-/js2php-0.1.7.tgz",
      "integrity": "sha512-rFkmrm2Q510mnRpuiDEKbZTB0Wej73k01yy/awI1fKsaFAtqUMefiTDly9Ng8ZntQvSeVNgM/1D75NnS4OeGNA==",
      "dev": true,
      "requires": {
        "espree": "~2.2.3"
      }
    }
  }
}
